// !$*UTF8*$!
{
	archiveVersion = 1;
	classes = {
	};
	objectVersion = 55;
	objects = {

/* Begin PBXBuildFile section */
		377DDD7F27F4B00F0049BD40 /* XYPlot_ExampleApp.swift in Sources */ = {isa = PBXBuildFile; fileRef = 377DDD6F27F4B00A0049BD40 /* XYPlot_ExampleApp.swift */; };
		377DDD8027F4B00F0049BD40 /* XYPlot_ExampleApp.swift in Sources */ = {isa = PBXBuildFile; fileRef = 377DDD6F27F4B00A0049BD40 /* XYPlot_ExampleApp.swift */; };
		377DDD8127F4B00F0049BD40 /* ContentView.swift in Sources */ = {isa = PBXBuildFile; fileRef = 377DDD7027F4B00A0049BD40 /* ContentView.swift */; };
		377DDD8227F4B00F0049BD40 /* ContentView.swift in Sources */ = {isa = PBXBuildFile; fileRef = 377DDD7027F4B00A0049BD40 /* ContentView.swift */; };
		377DDD8327F4B00F0049BD40 /* Assets.xcassets in Resources */ = {isa = PBXBuildFile; fileRef = 377DDD7127F4B00E0049BD40 /* Assets.xcassets */; };
		377DDD8427F4B00F0049BD40 /* Assets.xcassets in Resources */ = {isa = PBXBuildFile; fileRef = 377DDD7127F4B00E0049BD40 /* Assets.xcassets */; };
		377DDDAE27F4B1640049BD40 /* AdjustAxis.swift in Sources */ = {isa = PBXBuildFile; fileRef = 377DDDA627F4B1640049BD40 /* AdjustAxis.swift */; };
		377DDDAF27F4B1640049BD40 /* AdjustAxis.swift in Sources */ = {isa = PBXBuildFile; fileRef = 377DDDA627F4B1640049BD40 /* AdjustAxis.swift */; };
		377DDDB027F4B1640049BD40 /* PlotSettingsView.swift in Sources */ = {isa = PBXBuildFile; fileRef = 377DDDA727F4B1640049BD40 /* PlotSettingsView.swift */; };
		377DDDB127F4B1640049BD40 /* PlotSettingsView.swift in Sources */ = {isa = PBXBuildFile; fileRef = 377DDDA727F4B1640049BD40 /* PlotSettingsView.swift */; };
		377DDDB227F4B1640049BD40 /* CaptureSize+RotatedText.swift in Sources */ = {isa = PBXBuildFile; fileRef = 377DDDA827F4B1640049BD40 /* CaptureSize+RotatedText.swift */; };
		377DDDB327F4B1640049BD40 /* CaptureSize+RotatedText.swift in Sources */ = {isa = PBXBuildFile; fileRef = 377DDDA827F4B1640049BD40 /* CaptureSize+RotatedText.swift */; };
		377DDDB427F4B1640049BD40 /* LegendView.swift in Sources */ = {isa = PBXBuildFile; fileRef = 377DDDA927F4B1640049BD40 /* LegendView.swift */; };
		377DDDB527F4B1640049BD40 /* LegendView.swift in Sources */ = {isa = PBXBuildFile; fileRef = 377DDDA927F4B1640049BD40 /* LegendView.swift */; };
		377DDDB627F4B1640049BD40 /* CheckBoxView.swift in Sources */ = {isa = PBXBuildFile; fileRef = 377DDDAA27F4B1640049BD40 /* CheckBoxView.swift */; };
		377DDDB727F4B1640049BD40 /* CheckBoxView.swift in Sources */ = {isa = PBXBuildFile; fileRef = 377DDDAA27F4B1640049BD40 /* CheckBoxView.swift */; };
		377DDDB827F4B1640049BD40 /* PlotLineDialog.swift in Sources */ = {isa = PBXBuildFile; fileRef = 377DDDAB27F4B1640049BD40 /* PlotLineDialog.swift */; };
		377DDDB927F4B1640049BD40 /* PlotLineDialog.swift in Sources */ = {isa = PBXBuildFile; fileRef = 377DDDAB27F4B1640049BD40 /* PlotLineDialog.swift */; };
		377DDDBA27F4B1640049BD40 /* XYPlot.swift in Sources */ = {isa = PBXBuildFile; fileRef = 377DDDAC27F4B1640049BD40 /* XYPlot.swift */; };
		377DDDBB27F4B1640049BD40 /* XYPlot.swift in Sources */ = {isa = PBXBuildFile; fileRef = 377DDDAC27F4B1640049BD40 /* XYPlot.swift */; };
		377DDDBC27F4B1640049BD40 /* PlotPointShapes.swift in Sources */ = {isa = PBXBuildFile; fileRef = 377DDDAD27F4B1640049BD40 /* PlotPointShapes.swift */; };
		377DDDBD27F4B1640049BD40 /* PlotPointShapes.swift in Sources */ = {isa = PBXBuildFile; fileRef = 377DDDAD27F4B1640049BD40 /* PlotPointShapes.swift */; };
		377DDDF227F4BAE60049BD40 /* String+Numeric.swift in Sources */ = {isa = PBXBuildFile; fileRef = 377DDDEE27F4BAE60049BD40 /* String+Numeric.swift */; };
		377DDDF327F4BAE60049BD40 /* String+Numeric.swift in Sources */ = {isa = PBXBuildFile; fileRef = 377DDDEE27F4BAE60049BD40 /* String+Numeric.swift */; };
		377DDDF427F4BAE60049BD40 /* NumberFormatter+NumericString.swift in Sources */ = {isa = PBXBuildFile; fileRef = 377DDDEF27F4BAE60049BD40 /* NumberFormatter+NumericString.swift */; };
		377DDDF527F4BAE60049BD40 /* NumberFormatter+NumericString.swift in Sources */ = {isa = PBXBuildFile; fileRef = 377DDDEF27F4BAE60049BD40 /* NumberFormatter+NumericString.swift */; };
		377DDDF627F4BAE60049BD40 /* NumericTextField.swift in Sources */ = {isa = PBXBuildFile; fileRef = 377DDDF027F4BAE60049BD40 /* NumericTextField.swift */; };
		377DDDF727F4BAE60049BD40 /* NumericTextField.swift in Sources */ = {isa = PBXBuildFile; fileRef = 377DDDF027F4BAE60049BD40 /* NumericTextField.swift */; };
		377DDDF827F4BAE60049BD40 /* NumericTextModifier.swift in Sources */ = {isa = PBXBuildFile; fileRef = 377DDDF127F4BAE60049BD40 /* NumericTextModifier.swift */; };
		377DDDF927F4BAE60049BD40 /* NumericTextModifier.swift in Sources */ = {isa = PBXBuildFile; fileRef = 377DDDF127F4BAE60049BD40 /* NumericTextModifier.swift */; };
		377DDDFD27F4BB210049BD40 /* ColorExtension.swift in Sources */ = {isa = PBXBuildFile; fileRef = 377DDDFA27F4BB210049BD40 /* ColorExtension.swift */; };
		377DDDFE27F4BB210049BD40 /* ColorExtension.swift in Sources */ = {isa = PBXBuildFile; fileRef = 377DDDFA27F4BB210049BD40 /* ColorExtension.swift */; };
		377DDDFF27F4BB210049BD40 /* HTMLParser.swift in Sources */ = {isa = PBXBuildFile; fileRef = 377DDDFB27F4BB210049BD40 /* HTMLParser.swift */; };
		377DDE0027F4BB210049BD40 /* HTMLParser.swift in Sources */ = {isa = PBXBuildFile; fileRef = 377DDDFB27F4BB210049BD40 /* HTMLParser.swift */; };
		377DDE0127F4BB210049BD40 /* DropdownMenu.swift in Sources */ = {isa = PBXBuildFile; fileRef = 377DDDFC27F4BB210049BD40 /* DropdownMenu.swift */; };
		377DDE0227F4BB210049BD40 /* DropdownMenu.swift in Sources */ = {isa = PBXBuildFile; fileRef = 377DDDFC27F4BB210049BD40 /* DropdownMenu.swift */; };
/* End PBXBuildFile section */

/* Begin PBXFileReference section */
		377DDD6F27F4B00A0049BD40 /* XYPlot_ExampleApp.swift */ = {isa = PBXFileReference; lastKnownFileType = sourcecode.swift; path = XYPlot_ExampleApp.swift; sourceTree = "<group>"; };
		377DDD7027F4B00A0049BD40 /* ContentView.swift */ = {isa = PBXFileReference; lastKnownFileType = sourcecode.swift; path = ContentView.swift; sourceTree = "<group>"; };
		377DDD7127F4B00E0049BD40 /* Assets.xcassets */ = {isa = PBXFileReference; lastKnownFileType = folder.assetcatalog; path = Assets.xcassets; sourceTree = "<group>"; };
		377DDD7627F4B00F0049BD40 /* XYPlot-Example.app */ = {isa = PBXFileReference; explicitFileType = wrapper.application; includeInIndex = 0; path = "XYPlot-Example.app"; sourceTree = BUILT_PRODUCTS_DIR; };
		377DDD7C27F4B00F0049BD40 /* XYPlot-Example.app */ = {isa = PBXFileReference; explicitFileType = wrapper.application; includeInIndex = 0; path = "XYPlot-Example.app"; sourceTree = BUILT_PRODUCTS_DIR; };
		377DDD7E27F4B00F0049BD40 /* macOS.entitlements */ = {isa = PBXFileReference; lastKnownFileType = text.plist.entitlements; path = macOS.entitlements; sourceTree = "<group>"; };
		377DDDA627F4B1640049BD40 /* AdjustAxis.swift */ = {isa = PBXFileReference; fileEncoding = 4; lastKnownFileType = sourcecode.swift; name = AdjustAxis.swift; path = ../../AdjustAxis.swift; sourceTree = "<group>"; };
		377DDDA727F4B1640049BD40 /* PlotSettingsView.swift */ = {isa = PBXFileReference; fileEncoding = 4; lastKnownFileType = sourcecode.swift; name = PlotSettingsView.swift; path = ../../PlotSettingsView.swift; sourceTree = "<group>"; };
		377DDDA827F4B1640049BD40 /* CaptureSize+RotatedText.swift */ = {isa = PBXFileReference; fileEncoding = 4; lastKnownFileType = sourcecode.swift; name = "CaptureSize+RotatedText.swift"; path = "../../CaptureSize+RotatedText.swift"; sourceTree = "<group>"; };
		377DDDA927F4B1640049BD40 /* LegendView.swift */ = {isa = PBXFileReference; fileEncoding = 4; lastKnownFileType = sourcecode.swift; name = LegendView.swift; path = ../../LegendView.swift; sourceTree = "<group>"; };
		377DDDAA27F4B1640049BD40 /* CheckBoxView.swift */ = {isa = PBXFileReference; fileEncoding = 4; lastKnownFileType = sourcecode.swift; name = CheckBoxView.swift; path = ../../CheckBoxView.swift; sourceTree = "<group>"; };
		377DDDAB27F4B1640049BD40 /* PlotLineDialog.swift */ = {isa = PBXFileReference; fileEncoding = 4; lastKnownFileType = sourcecode.swift; name = PlotLineDialog.swift; path = ../../PlotLineDialog.swift; sourceTree = "<group>"; };
		377DDDAC27F4B1640049BD40 /* XYPlot.swift */ = {isa = PBXFileReference; fileEncoding = 4; lastKnownFileType = sourcecode.swift; name = XYPlot.swift; path = ../../XYPlot.swift; sourceTree = "<group>"; };
		377DDDAD27F4B1640049BD40 /* PlotPointShapes.swift */ = {isa = PBXFileReference; fileEncoding = 4; lastKnownFileType = sourcecode.swift; name = PlotPointShapes.swift; path = ../../PlotPointShapes.swift; sourceTree = "<group>"; };
		377DDDEE27F4BAE60049BD40 /* String+Numeric.swift */ = {isa = PBXFileReference; fileEncoding = 4; lastKnownFileType = sourcecode.swift; name = "String+Numeric.swift"; path = "NumericTextField/String+Numeric.swift"; sourceTree = "<group>"; };
		377DDDEF27F4BAE60049BD40 /* NumberFormatter+NumericString.swift */ = {isa = PBXFileReference; fileEncoding = 4; lastKnownFileType = sourcecode.swift; name = "NumberFormatter+NumericString.swift"; path = "NumericTextField/NumberFormatter+NumericString.swift"; sourceTree = "<group>"; };
		377DDDF027F4BAE60049BD40 /* NumericTextField.swift */ = {isa = PBXFileReference; fileEncoding = 4; lastKnownFileType = sourcecode.swift; name = NumericTextField.swift; path = NumericTextField/NumericTextField.swift; sourceTree = "<group>"; };
		377DDDF127F4BAE60049BD40 /* NumericTextModifier.swift */ = {isa = PBXFileReference; fileEncoding = 4; lastKnownFileType = sourcecode.swift; name = NumericTextModifier.swift; path = NumericTextField/NumericTextModifier.swift; sourceTree = "<group>"; };
		377DDDFA27F4BB210049BD40 /* ColorExtension.swift */ = {isa = PBXFileReference; fileEncoding = 4; lastKnownFileType = sourcecode.swift; name = ColorExtension.swift; path = "../../../SwiftUI-Utilities/ColorExtension.swift"; sourceTree = "<group>"; };
		377DDDFB27F4BB210049BD40 /* HTMLParser.swift */ = {isa = PBXFileReference; fileEncoding = 4; lastKnownFileType = sourcecode.swift; name = HTMLParser.swift; path = "../../../SwiftUI-Utilities/HTMLParser.swift"; sourceTree = "<group>"; };
		377DDDFC27F4BB210049BD40 /* DropdownMenu.swift */ = {isa = PBXFileReference; fileEncoding = 4; lastKnownFileType = sourcecode.swift; name = DropdownMenu.swift; path = "../../../SwiftUI-Utilities/DropdownMenu.swift"; sourceTree = "<group>"; };
/* End PBXFileReference section */

/* Begin PBXFrameworksBuildPhase section */
		377DDD7327F4B00F0049BD40 /* Frameworks */ = {
			isa = PBXFrameworksBuildPhase;
			buildActionMask = 2147483647;
			files = (
			);
			runOnlyForDeploymentPostprocessing = 0;
		};
		377DDD7927F4B00F0049BD40 /* Frameworks */ = {
			isa = PBXFrameworksBuildPhase;
			buildActionMask = 2147483647;
			files = (
			);
			runOnlyForDeploymentPostprocessing = 0;
		};
/* End PBXFrameworksBuildPhase section */

/* Begin PBXGroup section */
		377DDD6927F4B00A0049BD40 = {
			isa = PBXGroup;
			children = (
				377DDD6E27F4B00A0049BD40 /* Shared */,
				377DDD7D27F4B00F0049BD40 /* macOS */,
				377DDD7727F4B00F0049BD40 /* Products */,
			);
			sourceTree = "<group>";
		};
		377DDD6E27F4B00A0049BD40 /* Shared */ = {
			isa = PBXGroup;
			children = (
				377DDDFA27F4BB210049BD40 /* ColorExtension.swift */,
				377DDDFC27F4BB210049BD40 /* DropdownMenu.swift */,
				377DDDFB27F4BB210049BD40 /* HTMLParser.swift */,
				377DDDEF27F4BAE60049BD40 /* NumberFormatter+NumericString.swift */,
				377DDDF027F4BAE60049BD40 /* NumericTextField.swift */,
				377DDDF127F4BAE60049BD40 /* NumericTextModifier.swift */,
				377DDDEE27F4BAE60049BD40 /* String+Numeric.swift */,
				377DDDA627F4B1640049BD40 /* AdjustAxis.swift */,
				377DDDA827F4B1640049BD40 /* CaptureSize+RotatedText.swift */,
				377DDDAA27F4B1640049BD40 /* CheckBoxView.swift */,
				377DDDA927F4B1640049BD40 /* LegendView.swift */,
				377DDDAB27F4B1640049BD40 /* PlotLineDialog.swift */,
				377DDDAD27F4B1640049BD40 /* PlotPointShapes.swift */,
				377DDDA727F4B1640049BD40 /* PlotSettingsView.swift */,
				377DDDAC27F4B1640049BD40 /* XYPlot.swift */,
				377DDD6F27F4B00A0049BD40 /* XYPlot_ExampleApp.swift */,
				377DDD7027F4B00A0049BD40 /* ContentView.swift */,
				377DDD7127F4B00E0049BD40 /* Assets.xcassets */,
			);
			path = Shared;
			sourceTree = "<group>";
		};
		377DDD7727F4B00F0049BD40 /* Products */ = {
			isa = PBXGroup;
			children = (
				377DDD7627F4B00F0049BD40 /* XYPlot-Example.app */,
				377DDD7C27F4B00F0049BD40 /* XYPlot-Example.app */,
			);
			name = Products;
			sourceTree = "<group>";
		};
		377DDD7D27F4B00F0049BD40 /* macOS */ = {
			isa = PBXGroup;
			children = (
				377DDD7E27F4B00F0049BD40 /* macOS.entitlements */,
			);
			path = macOS;
			sourceTree = "<group>";
		};
/* End PBXGroup section */

/* Begin PBXNativeTarget section */
		377DDD7527F4B00F0049BD40 /* XYPlot-Example (iOS) */ = {
			isa = PBXNativeTarget;
			buildConfigurationList = 377DDD8727F4B00F0049BD40 /* Build configuration list for PBXNativeTarget "XYPlot-Example (iOS)" */;
			buildPhases = (
				377DDD7227F4B00F0049BD40 /* Sources */,
				377DDD7327F4B00F0049BD40 /* Frameworks */,
				377DDD7427F4B00F0049BD40 /* Resources */,
			);
			buildRules = (
			);
			dependencies = (
			);
			name = "XYPlot-Example (iOS)";
			productName = "XYPlot-Example (iOS)";
			productReference = 377DDD7627F4B00F0049BD40 /* XYPlot-Example.app */;
			productType = "com.apple.product-type.application";
		};
		377DDD7B27F4B00F0049BD40 /* XYPlot-Example (macOS) */ = {
			isa = PBXNativeTarget;
			buildConfigurationList = 377DDD8A27F4B00F0049BD40 /* Build configuration list for PBXNativeTarget "XYPlot-Example (macOS)" */;
			buildPhases = (
				377DDD7827F4B00F0049BD40 /* Sources */,
				377DDD7927F4B00F0049BD40 /* Frameworks */,
				377DDD7A27F4B00F0049BD40 /* Resources */,
			);
			buildRules = (
			);
			dependencies = (
			);
			name = "XYPlot-Example (macOS)";
			productName = "XYPlot-Example (macOS)";
			productReference = 377DDD7C27F4B00F0049BD40 /* XYPlot-Example.app */;
			productType = "com.apple.product-type.application";
		};
/* End PBXNativeTarget section */

/* Begin PBXProject section */
		377DDD6A27F4B00A0049BD40 /* Project object */ = {
			isa = PBXProject;
			attributes = {
				BuildIndependentTargetsInParallel = 1;
				LastSwiftUpdateCheck = 1330;
				LastUpgradeCheck = 1330;
				TargetAttributes = {
					377DDD7527F4B00F0049BD40 = {
						CreatedOnToolsVersion = 13.3;
					};
					377DDD7B27F4B00F0049BD40 = {
						CreatedOnToolsVersion = 13.3;
					};
				};
			};
			buildConfigurationList = 377DDD6D27F4B00A0049BD40 /* Build configuration list for PBXProject "XYPlot-Example" */;
			compatibilityVersion = "Xcode 13.0";
			developmentRegion = en;
			hasScannedForEncodings = 0;
			knownRegions = (
				en,
				Base,
			);
			mainGroup = 377DDD6927F4B00A0049BD40;
			productRefGroup = 377DDD7727F4B00F0049BD40 /* Products */;
			projectDirPath = "";
			projectRoot = "";
			targets = (
				377DDD7527F4B00F0049BD40 /* XYPlot-Example (iOS) */,
				377DDD7B27F4B00F0049BD40 /* XYPlot-Example (macOS) */,
			);
		};
/* End PBXProject section */

/* Begin PBXResourcesBuildPhase section */
		377DDD7427F4B00F0049BD40 /* Resources */ = {
			isa = PBXResourcesBuildPhase;
			buildActionMask = 2147483647;
			files = (
				377DDD8327F4B00F0049BD40 /* Assets.xcassets in Resources */,
			);
			runOnlyForDeploymentPostprocessing = 0;
		};
		377DDD7A27F4B00F0049BD40 /* Resources */ = {
			isa = PBXResourcesBuildPhase;
			buildActionMask = 2147483647;
			files = (
				377DDD8427F4B00F0049BD40 /* Assets.xcassets in Resources */,
			);
			runOnlyForDeploymentPostprocessing = 0;
		};
/* End PBXResourcesBuildPhase section */

/* Begin PBXSourcesBuildPhase section */
		377DDD7227F4B00F0049BD40 /* Sources */ = {
			isa = PBXSourcesBuildPhase;
			buildActionMask = 2147483647;
			files = (
				377DDDB627F4B1640049BD40 /* CheckBoxView.swift in Sources */,
				377DDDB027F4B1640049BD40 /* PlotSettingsView.swift in Sources */,
				377DDDB427F4B1640049BD40 /* LegendView.swift in Sources */,
				377DDDF627F4BAE60049BD40 /* NumericTextField.swift in Sources */,
				377DDDBC27F4B1640049BD40 /* PlotPointShapes.swift in Sources */,
				377DDDF427F4BAE60049BD40 /* NumberFormatter+NumericString.swift in Sources */,
				377DDDBA27F4B1640049BD40 /* XYPlot.swift in Sources */,
				377DDD8127F4B00F0049BD40 /* ContentView.swift in Sources */,
				377DDD7F27F4B00F0049BD40 /* XYPlot_ExampleApp.swift in Sources */,
				377DDDFD27F4BB210049BD40 /* ColorExtension.swift in Sources */,
				377DDDAE27F4B1640049BD40 /* AdjustAxis.swift in Sources */,
				377DDE0127F4BB210049BD40 /* DropdownMenu.swift in Sources */,
				377DDDB827F4B1640049BD40 /* PlotLineDialog.swift in Sources */,
				377DDDB227F4B1640049BD40 /* CaptureSize+RotatedText.swift in Sources */,
				377DDDFF27F4BB210049BD40 /* HTMLParser.swift in Sources */,
				377DDDF227F4BAE60049BD40 /* String+Numeric.swift in Sources */,
				377DDDF827F4BAE60049BD40 /* NumericTextModifier.swift in Sources */,
			);
			runOnlyForDeploymentPostprocessing = 0;
		};
		377DDD7827F4B00F0049BD40 /* Sources */ = {
			isa = PBXSourcesBuildPhase;
			buildActionMask = 2147483647;
			files = (
				377DDDB727F4B1640049BD40 /* CheckBoxView.swift in Sources */,
				377DDDB127F4B1640049BD40 /* PlotSettingsView.swift in Sources */,
				377DDDB527F4B1640049BD40 /* LegendView.swift in Sources */,
				377DDDF727F4BAE60049BD40 /* NumericTextField.swift in Sources */,
				377DDDBD27F4B1640049BD40 /* PlotPointShapes.swift in Sources */,
				377DDDF527F4BAE60049BD40 /* NumberFormatter+NumericString.swift in Sources */,
				377DDDBB27F4B1640049BD40 /* XYPlot.swift in Sources */,
				377DDD8227F4B00F0049BD40 /* ContentView.swift in Sources */,
				377DDD8027F4B00F0049BD40 /* XYPlot_ExampleApp.swift in Sources */,
				377DDDFE27F4BB210049BD40 /* ColorExtension.swift in Sources */,
				377DDDAF27F4B1640049BD40 /* AdjustAxis.swift in Sources */,
				377DDE0227F4BB210049BD40 /* DropdownMenu.swift in Sources */,
				377DDDB927F4B1640049BD40 /* PlotLineDialog.swift in Sources */,
				377DDDB327F4B1640049BD40 /* CaptureSize+RotatedText.swift in Sources */,
				377DDE0027F4BB210049BD40 /* HTMLParser.swift in Sources */,
				377DDDF327F4BAE60049BD40 /* String+Numeric.swift in Sources */,
				377DDDF927F4BAE60049BD40 /* NumericTextModifier.swift in Sources */,
			);
			runOnlyForDeploymentPostprocessing = 0;
		};
/* End PBXSourcesBuildPhase section */

/* Begin XCBuildConfiguration section */
		377DDD8527F4B00F0049BD40 /* Debug */ = {
			isa = XCBuildConfiguration;
			buildSettings = {
				ALWAYS_SEARCH_USER_PATHS = NO;
				CLANG_ANALYZER_NONNULL = YES;
				CLANG_ANALYZER_NUMBER_OBJECT_CONVERSION = YES_AGGRESSIVE;
				CLANG_CXX_LANGUAGE_STANDARD = "gnu++17";
				CLANG_ENABLE_MODULES = YES;
				CLANG_ENABLE_OBJC_ARC = YES;
				CLANG_ENABLE_OBJC_WEAK = YES;
				CLANG_WARN_BLOCK_CAPTURE_AUTORELEASING = YES;
				CLANG_WARN_BOOL_CONVERSION = YES;
				CLANG_WARN_COMMA = YES;
				CLANG_WARN_CONSTANT_CONVERSION = YES;
				CLANG_WARN_DEPRECATED_OBJC_IMPLEMENTATIONS = YES;
				CLANG_WARN_DIRECT_OBJC_ISA_USAGE = YES_ERROR;
				CLANG_WARN_DOCUMENTATION_COMMENTS = YES;
				CLANG_WARN_EMPTY_BODY = YES;
				CLANG_WARN_ENUM_CONVERSION = YES;
				CLANG_WARN_INFINITE_RECURSION = YES;
				CLANG_WARN_INT_CONVERSION = YES;
				CLANG_WARN_NON_LITERAL_NULL_CONVERSION = YES;
				CLANG_WARN_OBJC_IMPLICIT_RETAIN_SELF = YES;
				CLANG_WARN_OBJC_LITERAL_CONVERSION = YES;
				CLANG_WARN_OBJC_ROOT_CLASS = YES_ERROR;
				CLANG_WARN_QUOTED_INCLUDE_IN_FRAMEWORK_HEADER = YES;
				CLANG_WARN_RANGE_LOOP_ANALYSIS = YES;
				CLANG_WARN_STRICT_PROTOTYPES = YES;
				CLANG_WARN_SUSPICIOUS_MOVE = YES;
				CLANG_WARN_UNGUARDED_AVAILABILITY = YES_AGGRESSIVE;
				CLANG_WARN_UNREACHABLE_CODE = YES;
				CLANG_WARN__DUPLICATE_METHOD_MATCH = YES;
				COPY_PHASE_STRIP = NO;
				DEBUG_INFORMATION_FORMAT = dwarf;
				ENABLE_STRICT_OBJC_MSGSEND = YES;
				ENABLE_TESTABILITY = YES;
				GCC_C_LANGUAGE_STANDARD = gnu11;
				GCC_DYNAMIC_NO_PIC = NO;
				GCC_NO_COMMON_BLOCKS = YES;
				GCC_OPTIMIZATION_LEVEL = 0;
				GCC_PREPROCESSOR_DEFINITIONS = (
					"DEBUG=1",
					"$(inherited)",
				);
				GCC_WARN_64_TO_32_BIT_CONVERSION = YES;
				GCC_WARN_ABOUT_RETURN_TYPE = YES_ERROR;
				GCC_WARN_UNDECLARED_SELECTOR = YES;
				GCC_WARN_UNINITIALIZED_AUTOS = YES_AGGRESSIVE;
				GCC_WARN_UNUSED_FUNCTION = YES;
				GCC_WARN_UNUSED_VARIABLE = YES;
				MTL_ENABLE_DEBUG_INFO = INCLUDE_SOURCE;
				MTL_FAST_MATH = YES;
				ONLY_ACTIVE_ARCH = YES;
				SWIFT_ACTIVE_COMPILATION_CONDITIONS = DEBUG;
				SWIFT_OPTIMIZATION_LEVEL = "-Onone";
			};
			name = Debug;
		};
		377DDD8627F4B00F0049BD40 /* Release */ = {
			isa = XCBuildConfiguration;
			buildSettings = {
				ALWAYS_SEARCH_USER_PATHS = NO;
				CLANG_ANALYZER_NONNULL = YES;
				CLANG_ANALYZER_NUMBER_OBJECT_CONVERSION = YES_AGGRESSIVE;
				CLANG_CXX_LANGUAGE_STANDARD = "gnu++17";
				CLANG_ENABLE_MODULES = YES;
				CLANG_ENABLE_OBJC_ARC = YES;
				CLANG_ENABLE_OBJC_WEAK = YES;
				CLANG_WARN_BLOCK_CAPTURE_AUTORELEASING = YES;
				CLANG_WARN_BOOL_CONVERSION = YES;
				CLANG_WARN_COMMA = YES;
				CLANG_WARN_CONSTANT_CONVERSION = YES;
				CLANG_WARN_DEPRECATED_OBJC_IMPLEMENTATIONS = YES;
				CLANG_WARN_DIRECT_OBJC_ISA_USAGE = YES_ERROR;
				CLANG_WARN_DOCUMENTATION_COMMENTS = YES;
				CLANG_WARN_EMPTY_BODY = YES;
				CLANG_WARN_ENUM_CONVERSION = YES;
				CLANG_WARN_INFINITE_RECURSION = YES;
				CLANG_WARN_INT_CONVERSION = YES;
				CLANG_WARN_NON_LITERAL_NULL_CONVERSION = YES;
				CLANG_WARN_OBJC_IMPLICIT_RETAIN_SELF = YES;
				CLANG_WARN_OBJC_LITERAL_CONVERSION = YES;
				CLANG_WARN_OBJC_ROOT_CLASS = YES_ERROR;
				CLANG_WARN_QUOTED_INCLUDE_IN_FRAMEWORK_HEADER = YES;
				CLANG_WARN_RANGE_LOOP_ANALYSIS = YES;
				CLANG_WARN_STRICT_PROTOTYPES = YES;
				CLANG_WARN_SUSPICIOUS_MOVE = YES;
				CLANG_WARN_UNGUARDED_AVAILABILITY = YES_AGGRESSIVE;
				CLANG_WARN_UNREACHABLE_CODE = YES;
				CLANG_WARN__DUPLICATE_METHOD_MATCH = YES;
				COPY_PHASE_STRIP = NO;
				DEBUG_INFORMATION_FORMAT = "dwarf-with-dsym";
				ENABLE_NS_ASSERTIONS = NO;
				ENABLE_STRICT_OBJC_MSGSEND = YES;
				GCC_C_LANGUAGE_STANDARD = gnu11;
				GCC_NO_COMMON_BLOCKS = YES;
				GCC_WARN_64_TO_32_BIT_CONVERSION = YES;
				GCC_WARN_ABOUT_RETURN_TYPE = YES_ERROR;
				GCC_WARN_UNDECLARED_SELECTOR = YES;
				GCC_WARN_UNINITIALIZED_AUTOS = YES_AGGRESSIVE;
				GCC_WARN_UNUSED_FUNCTION = YES;
				GCC_WARN_UNUSED_VARIABLE = YES;
				MTL_ENABLE_DEBUG_INFO = NO;
				MTL_FAST_MATH = YES;
				SWIFT_COMPILATION_MODE = wholemodule;
				SWIFT_OPTIMIZATION_LEVEL = "-O";
			};
			name = Release;
		};
		377DDD8827F4B00F0049BD40 /* Debug */ = {
			isa = XCBuildConfiguration;
			buildSettings = {
				ASSETCATALOG_COMPILER_APPICON_NAME = AppIcon;
				ASSETCATALOG_COMPILER_GLOBAL_ACCENT_COLOR_NAME = AccentColor;
				CODE_SIGN_STYLE = Automatic;
				CURRENT_PROJECT_VERSION = 1;
				DEVELOPMENT_TEAM = C7S45947T7;
				ENABLE_PREVIEWS = YES;
				GENERATE_INFOPLIST_FILE = YES;
				INFOPLIST_KEY_UIApplicationSceneManifest_Generation = YES;
				INFOPLIST_KEY_UIApplicationSupportsIndirectInputEvents = YES;
				INFOPLIST_KEY_UILaunchScreen_Generation = YES;
				INFOPLIST_KEY_UISupportedInterfaceOrientations_iPad = "UIInterfaceOrientationPortrait UIInterfaceOrientationPortraitUpsideDown UIInterfaceOrientationLandscapeLeft UIInterfaceOrientationLandscapeRight";
				INFOPLIST_KEY_UISupportedInterfaceOrientations_iPhone = "UIInterfaceOrientationPortrait UIInterfaceOrientationLandscapeLeft UIInterfaceOrientationLandscapeRight";
				IPHONEOS_DEPLOYMENT_TARGET = 15.4;
				LD_RUNPATH_SEARCH_PATHS = (
					"$(inherited)",
					"@executable_path/Frameworks",
				);
				MARKETING_VERSION = 1.0;
				PRODUCT_BUNDLE_IDENTIFIER = "com.MoundCitySoftware.XYPlot-Example";
				PRODUCT_NAME = "XYPlot-Example";
				SDKROOT = iphoneos;
				SWIFT_EMIT_LOC_STRINGS = YES;
				SWIFT_VERSION = 5.0;
				TARGETED_DEVICE_FAMILY = "1,2";
			};
			name = Debug;
		};
		377DDD8927F4B00F0049BD40 /* Release */ = {
			isa = XCBuildConfiguration;
			buildSettings = {
				ASSETCATALOG_COMPILER_APPICON_NAME = AppIcon;
				ASSETCATALOG_COMPILER_GLOBAL_ACCENT_COLOR_NAME = AccentColor;
				CODE_SIGN_STYLE = Automatic;
				CURRENT_PROJECT_VERSION = 1;
				DEVELOPMENT_TEAM = C7S45947T7;
				ENABLE_PREVIEWS = YES;
				GENERATE_INFOPLIST_FILE = YES;
				INFOPLIST_KEY_UIApplicationSceneManifest_Generation = YES;
				INFOPLIST_KEY_UIApplicationSupportsIndirectInputEvents = YES;
				INFOPLIST_KEY_UILaunchScreen_Generation = YES;
				INFOPLIST_KEY_UISupportedInterfaceOrientations_iPad = "UIInterfaceOrientationPortrait UIInterfaceOrientationPortraitUpsideDown UIInterfaceOrientationLandscapeLeft UIInterfaceOrientationLandscapeRight";
				INFOPLIST_KEY_UISupportedInterfaceOrientations_iPhone = "UIInterfaceOrientationPortrait UIInterfaceOrientationLandscapeLeft UIInterfaceOrientationLandscapeRight";
				IPHONEOS_DEPLOYMENT_TARGET = 15.4;
				LD_RUNPATH_SEARCH_PATHS = (
					"$(inherited)",
					"@executable_path/Frameworks",
				);
				MARKETING_VERSION = 1.0;
				PRODUCT_BUNDLE_IDENTIFIER = "com.MoundCitySoftware.XYPlot-Example";
				PRODUCT_NAME = "XYPlot-Example";
				SDKROOT = iphoneos;
				SWIFT_EMIT_LOC_STRINGS = YES;
				SWIFT_VERSION = 5.0;
				TARGETED_DEVICE_FAMILY = "1,2";
				VALIDATE_PRODUCT = YES;
			};
			name = Release;
		};
		377DDD8B27F4B00F0049BD40 /* Debug */ = {
			isa = XCBuildConfiguration;
			buildSettings = {
				ASSETCATALOG_COMPILER_APPICON_NAME = AppIcon;
				ASSETCATALOG_COMPILER_GLOBAL_ACCENT_COLOR_NAME = AccentColor;
				CODE_SIGN_ENTITLEMENTS = macOS/macOS.entitlements;
				CODE_SIGN_STYLE = Automatic;
				COMBINE_HIDPI_IMAGES = YES;
				CURRENT_PROJECT_VERSION = 1;
				DEVELOPMENT_TEAM = C7S45947T7;
				ENABLE_HARDENED_RUNTIME = YES;
				ENABLE_PREVIEWS = YES;
				GENERATE_INFOPLIST_FILE = YES;
				INFOPLIST_KEY_NSHumanReadableCopyright = "";
				LD_RUNPATH_SEARCH_PATHS = (
					"$(inherited)",
					"@executable_path/../Frameworks",
				);
				MACOSX_DEPLOYMENT_TARGET = 12.2;
				MARKETING_VERSION = 1.0;
				PRODUCT_BUNDLE_IDENTIFIER = "com.MoundCitySoftware.XYPlot-Example";
				PRODUCT_NAME = "XYPlot-Example";
				SDKROOT = macosx;
				SWIFT_EMIT_LOC_STRINGS = YES;
				SWIFT_VERSION = 5.0;
			};
			name = Debug;
		};
		377DDD8C27F4B00F0049BD40 /* Release */ = {
			isa = XCBuildConfiguration;
			buildSettings = {
				ASSETCATALOG_COMPILER_APPICON_NAME = AppIcon;
				ASSETCATALOG_COMPILER_GLOBAL_ACCENT_COLOR_NAME = AccentColor;
				CODE_SIGN_ENTITLEMENTS = macOS/macOS.entitlements;
				CODE_SIGN_STYLE = Automatic;
				COMBINE_HIDPI_IMAGES = YES;
				CURRENT_PROJECT_VERSION = 1;
				DEVELOPMENT_TEAM = C7S45947T7;
				ENABLE_HARDENED_RUNTIME = YES;
				ENABLE_PREVIEWS = YES;
				GENERATE_INFOPLIST_FILE = YES;
				INFOPLIST_KEY_NSHumanReadableCopyright = "";
				LD_RUNPATH_SEARCH_PATHS = (
					"$(inherited)",
					"@executable_path/../Frameworks",
				);
				MACOSX_DEPLOYMENT_TARGET = 12.2;
				MARKETING_VERSION = 1.0;
				PRODUCT_BUNDLE_IDENTIFIER = "com.MoundCitySoftware.XYPlot-Example";
				PRODUCT_NAME = "XYPlot-Example";
				SDKROOT = macosx;
				SWIFT_EMIT_LOC_STRINGS = YES;
				SWIFT_VERSION = 5.0;
			};
			name = Release;
		};
/* End XCBuildConfiguration section */

/* Begin XCConfigurationList section */
		377DDD6D27F4B00A0049BD40 /* Build configuration list for PBXProject "XYPlot-Example" */ = {
			isa = XCConfigurationList;
			buildConfigurations = (
				377DDD8527F4B00F0049BD40 /* Debug */,
				377DDD8627F4B00F0049BD40 /* Release */,
			);
			defaultConfigurationIsVisible = 0;
			defaultConfigurationName = Release;
		};
		377DDD8727F4B00F0049BD40 /* Build configuration list for PBXNativeTarget "XYPlot-Example (iOS)" */ = {
			isa = XCConfigurationList;
			buildConfigurations = (
				377DDD8827F4B00F0049BD40 /* Debug */,
				377DDD8927F4B00F0049BD40 /* Release */,
			);
			defaultConfigurationIsVisible = 0;
			defaultConfigurationName = Release;
		};
		377DDD8A27F4B00F0049BD40 /* Build configuration list for PBXNativeTarget "XYPlot-Example (macOS)" */ = {
			isa = XCConfigurationList;
			buildConfigurations = (
				377DDD8B27F4B00F0049BD40 /* Debug */,
				377DDD8C27F4B00F0049BD40 /* Release */,
			);
			defaultConfigurationIsVisible = 0;
			defaultConfigurationName = Release;
		};
/* End XCConfigurationList section */
	};
	rootObject = 377DDD6A27F4B00A0049BD40 /* Project object */;
}
