// !$*UTF8*$!
{
	archiveVersion = 1;
	classes = {
	};
	objectVersion = 55;
	objects = {

/* Begin PBXBuildFile section */
		3734B18C29565434001D7C3D /* XYPlot.xcdatamodeld in Sources */ = {isa = PBXBuildFile; fileRef = 3734B1892956542C001D7C3D /* XYPlot.xcdatamodeld */; };
		37546D2627FCC74100963538 /* Utilities in Frameworks */ = {isa = PBXBuildFile; productRef = 37546D2527FCC74100963538 /* Utilities */; };
		37546D2827FCC74900963538 /* NumericTextField in Frameworks */ = {isa = PBXBuildFile; productRef = 37546D2727FCC74900963538 /* NumericTextField */; };
		377DDD7F27F4B00F0049BD40 /* XYPlot_ExampleApp.swift in Sources */ = {isa = PBXBuildFile; fileRef = 377DDD6F27F4B00A0049BD40 /* XYPlot_ExampleApp.swift */; };
		377DDD8027F4B00F0049BD40 /* XYPlot_ExampleApp.swift in Sources */ = {isa = PBXBuildFile; fileRef = 377DDD6F27F4B00A0049BD40 /* XYPlot_ExampleApp.swift */; };
		377DDD8127F4B00F0049BD40 /* ContentView.swift in Sources */ = {isa = PBXBuildFile; fileRef = 377DDD7027F4B00A0049BD40 /* ContentView.swift */; };
		377DDD8227F4B00F0049BD40 /* ContentView.swift in Sources */ = {isa = PBXBuildFile; fileRef = 377DDD7027F4B00A0049BD40 /* ContentView.swift */; };
		37D713592A2586B80044619B /* XYPlot.xcdatamodeld in Resources */ = {isa = PBXBuildFile; fileRef = 3734B1892956542C001D7C3D /* XYPlot.xcdatamodeld */; };
		37D7135C2A2587010044619B /* XYPlot in Frameworks */ = {isa = PBXBuildFile; productRef = 37D7135B2A2587010044619B /* XYPlot */; };
		37FCFCFE27FBBD9F00EDC543 /* Utilities in Frameworks */ = {isa = PBXBuildFile; productRef = 37FCFCFD27FBBD9F00EDC543 /* Utilities */; };
		37FCFD0127FCB66E00EDC543 /* NumericTextField in Frameworks */ = {isa = PBXBuildFile; productRef = 37FCFD0027FCB66E00EDC543 /* NumericTextField */; };
/* End PBXBuildFile section */

/* Begin PBXFileReference section */
		3734B18A2956542C001D7C3D /* PlotDataModel.xcdatamodel */ = {isa = PBXFileReference; lastKnownFileType = wrapper.xcdatamodel; path = PlotDataModel.xcdatamodel; sourceTree = "<group>"; };
		377DDD6F27F4B00A0049BD40 /* XYPlot_ExampleApp.swift */ = {isa = PBXFileReference; lastKnownFileType = sourcecode.swift; path = XYPlot_ExampleApp.swift; sourceTree = "<group>"; };
		377DDD7027F4B00A0049BD40 /* ContentView.swift */ = {isa = PBXFileReference; lastKnownFileType = sourcecode.swift; path = ContentView.swift; sourceTree = "<group>"; };
		377DDD7627F4B00F0049BD40 /* XYPlot-Example.app */ = {isa = PBXFileReference; explicitFileType = wrapper.application; includeInIndex = 0; path = "XYPlot-Example.app"; sourceTree = BUILT_PRODUCTS_DIR; };
		377DDD7C27F4B00F0049BD40 /* XYPlot-Example.app */ = {isa = PBXFileReference; explicitFileType = wrapper.application; includeInIndex = 0; path = "XYPlot-Example.app"; sourceTree = BUILT_PRODUCTS_DIR; };
		377DDD7E27F4B00F0049BD40 /* macOS.entitlements */ = {isa = PBXFileReference; lastKnownFileType = text.plist.entitlements; path = macOS.entitlements; sourceTree = "<group>"; };
		377DDE0327F602A00049BD40 /* XYPlot-Example (iOS).entitlements */ = {isa = PBXFileReference; lastKnownFileType = text.plist.entitlements; path = "XYPlot-Example (iOS).entitlements"; sourceTree = "<group>"; };
/* End PBXFileReference section */

/* Begin PBXFrameworksBuildPhase section */
		377DDD7327F4B00F0049BD40 /* Frameworks */ = {
			isa = PBXFrameworksBuildPhase;
			buildActionMask = 2147483647;
			files = (
				37FCFD0127FCB66E00EDC543 /* NumericTextField in Frameworks */,
				37FCFCFE27FBBD9F00EDC543 /* Utilities in Frameworks */,
				37D7135C2A2587010044619B /* XYPlot in Frameworks */,
			);
			runOnlyForDeploymentPostprocessing = 0;
		};
		377DDD7927F4B00F0049BD40 /* Frameworks */ = {
			isa = PBXFrameworksBuildPhase;
			buildActionMask = 2147483647;
			files = (
				37546D2827FCC74900963538 /* NumericTextField in Frameworks */,
				37546D2627FCC74100963538 /* Utilities in Frameworks */,
			);
			runOnlyForDeploymentPostprocessing = 0;
		};
/* End PBXFrameworksBuildPhase section */

/* Begin PBXGroup section */
		37546D2427FCC74100963538 /* Frameworks */ = {
			isa = PBXGroup;
			children = (
			);
			name = Frameworks;
			sourceTree = "<group>";
		};
		377DDD6927F4B00A0049BD40 = {
			isa = PBXGroup;
			children = (
				377DDE0327F602A00049BD40 /* XYPlot-Example (iOS).entitlements */,
				377DDD6E27F4B00A0049BD40 /* Shared */,
				377DDD7D27F4B00F0049BD40 /* macOS */,
				377DDD7727F4B00F0049BD40 /* Products */,
				37546D2427FCC74100963538 /* Frameworks */,
			);
			sourceTree = "<group>";
			usesTabs = 0;
		};
		377DDD6E27F4B00A0049BD40 /* Shared */ = {
			isa = PBXGroup;
			children = (
				377DDD6F27F4B00A0049BD40 /* XYPlot_ExampleApp.swift */,
				377DDD7027F4B00A0049BD40 /* ContentView.swift */,
				3734B1892956542C001D7C3D /* XYPlot.xcdatamodeld */,
			);
			path = Shared;
			sourceTree = "<group>";
		};
		377DDD7727F4B00F0049BD40 /* Products */ = {
			isa = PBXGroup;
			children = (
				377DDD7627F4B00F0049BD40 /* XYPlot-Example.app */,
				377DDD7C27F4B00F0049BD40 /* XYPlot-Example.app */,
			);
			name = Products;
			sourceTree = "<group>";
		};
		377DDD7D27F4B00F0049BD40 /* macOS */ = {
			isa = PBXGroup;
			children = (
				377DDD7E27F4B00F0049BD40 /* macOS.entitlements */,
			);
			path = macOS;
			sourceTree = "<group>";
		};
/* End PBXGroup section */

/* Begin PBXNativeTarget section */
		377DDD7527F4B00F0049BD40 /* XYPlot-Example (iOS) */ = {
			isa = PBXNativeTarget;
			buildConfigurationList = 377DDD8727F4B00F0049BD40 /* Build configuration list for PBXNativeTarget "XYPlot-Example (iOS)" */;
			buildPhases = (
				377DDD7227F4B00F0049BD40 /* Sources */,
				377DDD7327F4B00F0049BD40 /* Frameworks */,
				377DDD7427F4B00F0049BD40 /* Resources */,
			);
			buildRules = (
			);
			dependencies = (
			);
			name = "XYPlot-Example (iOS)";
			packageProductDependencies = (
				37FCFCFD27FBBD9F00EDC543 /* Utilities */,
				37FCFD0027FCB66E00EDC543 /* NumericTextField */,
				37D7135B2A2587010044619B /* XYPlot */,
			);
			productName = "XYPlot-Example (iOS)";
			productReference = 377DDD7627F4B00F0049BD40 /* XYPlot-Example.app */;
			productType = "com.apple.product-type.application";
		};
		377DDD7B27F4B00F0049BD40 /* XYPlot-Example (macOS) */ = {
			isa = PBXNativeTarget;
			buildConfigurationList = 377DDD8A27F4B00F0049BD40 /* Build configuration list for PBXNativeTarget "XYPlot-Example (macOS)" */;
			buildPhases = (
				377DDD7827F4B00F0049BD40 /* Sources */,
				377DDD7927F4B00F0049BD40 /* Frameworks */,
				377DDD7A27F4B00F0049BD40 /* Resources */,
			);
			buildRules = (
			);
			dependencies = (
			);
			name = "XYPlot-Example (macOS)";
			packageProductDependencies = (
				37546D2527FCC74100963538 /* Utilities */,
				37546D2727FCC74900963538 /* NumericTextField */,
			);
			productName = "XYPlot-Example (macOS)";
			productReference = 377DDD7C27F4B00F0049BD40 /* XYPlot-Example.app */;
			productType = "com.apple.product-type.application";
		};
/* End PBXNativeTarget section */

/* Begin PBXProject section */
		377DDD6A27F4B00A0049BD40 /* Project object */ = {
			isa = PBXProject;
			attributes = {
				BuildIndependentTargetsInParallel = 1;
				LastSwiftUpdateCheck = 1330;
				LastUpgradeCheck = 1410;
				TargetAttributes = {
					377DDD7527F4B00F0049BD40 = {
						CreatedOnToolsVersion = 13.3;
					};
					377DDD7B27F4B00F0049BD40 = {
						CreatedOnToolsVersion = 13.3;
					};
				};
			};
			buildConfigurationList = 377DDD6D27F4B00A0049BD40 /* Build configuration list for PBXProject "XYPlot-Example" */;
			compatibilityVersion = "Xcode 13.0";
			developmentRegion = en;
			hasScannedForEncodings = 0;
			knownRegions = (
				en,
				Base,
			);
			mainGroup = 377DDD6927F4B00A0049BD40;
			packageReferences = (
				37FCFCFC27FBBD9F00EDC543 /* XCRemoteSwiftPackageReference "Utilities" */,
				37FCFCFF27FCB66E00EDC543 /* XCRemoteSwiftPackageReference "NumericTextField" */,
				37D7135A2A2587010044619B /* XCRemoteSwiftPackageReference "XYPlot" */,
			);
			productRefGroup = 377DDD7727F4B00F0049BD40 /* Products */;
			projectDirPath = "";
			projectRoot = "";
			targets = (
				377DDD7527F4B00F0049BD40 /* XYPlot-Example (iOS) */,
				377DDD7B27F4B00F0049BD40 /* XYPlot-Example (macOS) */,
			);
		};
/* End PBXProject section */

/* Begin PBXResourcesBuildPhase section */
		377DDD7427F4B00F0049BD40 /* Resources */ = {
			isa = PBXResourcesBuildPhase;
			buildActionMask = 2147483647;
			files = (
				37D713592A2586B80044619B /* XYPlot.xcdatamodeld in Resources */,
			);
			runOnlyForDeploymentPostprocessing = 0;
		};
		377DDD7A27F4B00F0049BD40 /* Resources */ = {
			isa = PBXResourcesBuildPhase;
			buildActionMask = 2147483647;
			files = (
			);
			runOnlyForDeploymentPostprocessing = 0;
		};
/* End PBXResourcesBuildPhase section */

/* Begin PBXSourcesBuildPhase section */
		377DDD7227F4B00F0049BD40 /* Sources */ = {
			isa = PBXSourcesBuildPhase;
			buildActionMask = 2147483647;
			files = (
				377DDD8127F4B00F0049BD40 /* ContentView.swift in Sources */,
				377DDD7F27F4B00F0049BD40 /* XYPlot_ExampleApp.swift in Sources */,
			);
			runOnlyForDeploymentPostprocessing = 0;
		};
		377DDD7827F4B00F0049BD40 /* Sources */ = {
			isa = PBXSourcesBuildPhase;
			buildActionMask = 2147483647;
			files = (
				377DDD8227F4B00F0049BD40 /* ContentView.swift in Sources */,
				377DDD8027F4B00F0049BD40 /* XYPlot_ExampleApp.swift in Sources */,
				3734B18C29565434001D7C3D /* XYPlot.xcdatamodeld in Sources */,
			);
			runOnlyForDeploymentPostprocessing = 0;
		};
/* End PBXSourcesBuildPhase section */

/* Begin XCBuildConfiguration section */
		377DDD8527F4B00F0049BD40 /* Debug */ = {
			isa = XCBuildConfiguration;
			buildSettings = {
				ALLOW_TARGET_PLATFORM_SPECIALIZATION = YES;
				ALWAYS_SEARCH_USER_PATHS = NO;
				CLANG_ANALYZER_NONNULL = YES;
				CLANG_ANALYZER_NUMBER_OBJECT_CONVERSION = YES_AGGRESSIVE;
				CLANG_CXX_LANGUAGE_STANDARD = "gnu++17";
				CLANG_ENABLE_MODULES = YES;
				CLANG_ENABLE_OBJC_ARC = YES;
				CLANG_ENABLE_OBJC_WEAK = YES;
				CLANG_WARN_BLOCK_CAPTURE_AUTORELEASING = YES;
				CLANG_WARN_BOOL_CONVERSION = YES;
				CLANG_WARN_COMMA = YES;
				CLANG_WARN_CONSTANT_CONVERSION = YES;
				CLANG_WARN_DEPRECATED_OBJC_IMPLEMENTATIONS = YES;
				CLANG_WARN_DIRECT_OBJC_ISA_USAGE = YES_ERROR;
				CLANG_WARN_DOCUMENTATION_COMMENTS = YES;
				CLANG_WARN_EMPTY_BODY = YES;
				CLANG_WARN_ENUM_CONVERSION = YES;
				CLANG_WARN_INFINITE_RECURSION = YES;
				CLANG_WARN_INT_CONVERSION = YES;
				CLANG_WARN_NON_LITERAL_NULL_CONVERSION = YES;
				CLANG_WARN_OBJC_IMPLICIT_RETAIN_SELF = YES;
				CLANG_WARN_OBJC_LITERAL_CONVERSION = YES;
				CLANG_WARN_OBJC_ROOT_CLASS = YES_ERROR;
				CLANG_WARN_QUOTED_INCLUDE_IN_FRAMEWORK_HEADER = YES;
				CLANG_WARN_RANGE_LOOP_ANALYSIS = YES;
				CLANG_WARN_STRICT_PROTOTYPES = YES;
				CLANG_WARN_SUSPICIOUS_MOVE = YES;
				CLANG_WARN_UNGUARDED_AVAILABILITY = YES_AGGRESSIVE;
				CLANG_WARN_UNREACHABLE_CODE = YES;
				CLANG_WARN__DUPLICATE_METHOD_MATCH = YES;
				COPY_PHASE_STRIP = NO;
				DEAD_CODE_STRIPPING = YES;
				DEBUG_INFORMATION_FORMAT = dwarf;
				ENABLE_STRICT_OBJC_MSGSEND = YES;
				ENABLE_TESTABILITY = YES;
				"FRAMEWORK_SEARCH_PATHS[arch=*]" = "..\\Projects\\SwiftUI_Utilities\\";
				GCC_C_LANGUAGE_STANDARD = gnu11;
				GCC_DYNAMIC_NO_PIC = NO;
				GCC_NO_COMMON_BLOCKS = YES;
				GCC_OPTIMIZATION_LEVEL = 0;
				GCC_PREPROCESSOR_DEFINITIONS = (
					"DEBUG=1",
					"$(inherited)",
				);
				GCC_WARN_64_TO_32_BIT_CONVERSION = YES;
				GCC_WARN_ABOUT_RETURN_TYPE = YES_ERROR;
				GCC_WARN_UNDECLARED_SELECTOR = YES;
				GCC_WARN_UNINITIALIZED_AUTOS = YES_AGGRESSIVE;
				GCC_WARN_UNUSED_FUNCTION = YES;
				GCC_WARN_UNUSED_VARIABLE = YES;
				MACOSX_DEPLOYMENT_TARGET = 12.2;
				MTL_ENABLE_DEBUG_INFO = INCLUDE_SOURCE;
				MTL_FAST_MATH = YES;
				ONLY_ACTIVE_ARCH = YES;
				SUPPORTED_PLATFORMS = "watchsimulator watchos macosx iphonesimulator iphoneos driverkit appletvsimulator appletvos";
				SUPPORTS_MACCATALYST = YES;
				SWIFT_ACTIVE_COMPILATION_CONDITIONS = DEBUG;
				SWIFT_OPTIMIZATION_LEVEL = "-Onone";
			};
			name = Debug;
		};
		377DDD8627F4B00F0049BD40 /* Release */ = {
			isa = XCBuildConfiguration;
			buildSettings = {
				ALLOW_TARGET_PLATFORM_SPECIALIZATION = YES;
				ALWAYS_SEARCH_USER_PATHS = NO;
				CLANG_ANALYZER_NONNULL = YES;
				CLANG_ANALYZER_NUMBER_OBJECT_CONVERSION = YES_AGGRESSIVE;
				CLANG_CXX_LANGUAGE_STANDARD = "gnu++17";
				CLANG_ENABLE_MODULES = YES;
				CLANG_ENABLE_OBJC_ARC = YES;
				CLANG_ENABLE_OBJC_WEAK = YES;
				CLANG_WARN_BLOCK_CAPTURE_AUTORELEASING = YES;
				CLANG_WARN_BOOL_CONVERSION = YES;
				CLANG_WARN_COMMA = YES;
				CLANG_WARN_CONSTANT_CONVERSION = YES;
				CLANG_WARN_DEPRECATED_OBJC_IMPLEMENTATIONS = YES;
				CLANG_WARN_DIRECT_OBJC_ISA_USAGE = YES_ERROR;
				CLANG_WARN_DOCUMENTATION_COMMENTS = YES;
				CLANG_WARN_EMPTY_BODY = YES;
				CLANG_WARN_ENUM_CONVERSION = YES;
				CLANG_WARN_INFINITE_RECURSION = YES;
				CLANG_WARN_INT_CONVERSION = YES;
				CLANG_WARN_NON_LITERAL_NULL_CONVERSION = YES;
				CLANG_WARN_OBJC_IMPLICIT_RETAIN_SELF = YES;
				CLANG_WARN_OBJC_LITERAL_CONVERSION = YES;
				CLANG_WARN_OBJC_ROOT_CLASS = YES_ERROR;
				CLANG_WARN_QUOTED_INCLUDE_IN_FRAMEWORK_HEADER = YES;
				CLANG_WARN_RANGE_LOOP_ANALYSIS = YES;
				CLANG_WARN_STRICT_PROTOTYPES = YES;
				CLANG_WARN_SUSPICIOUS_MOVE = YES;
				CLANG_WARN_UNGUARDED_AVAILABILITY = YES_AGGRESSIVE;
				CLANG_WARN_UNREACHABLE_CODE = YES;
				CLANG_WARN__DUPLICATE_METHOD_MATCH = YES;
				COPY_PHASE_STRIP = NO;
				DEAD_CODE_STRIPPING = YES;
				DEBUG_INFORMATION_FORMAT = "dwarf-with-dsym";
				ENABLE_NS_ASSERTIONS = NO;
				ENABLE_STRICT_OBJC_MSGSEND = YES;
				"FRAMEWORK_SEARCH_PATHS[arch=*]" = "..\\Projects\\SwiftUI_Utilities\\";
				GCC_C_LANGUAGE_STANDARD = gnu11;
				GCC_NO_COMMON_BLOCKS = YES;
				GCC_WARN_64_TO_32_BIT_CONVERSION = YES;
				GCC_WARN_ABOUT_RETURN_TYPE = YES_ERROR;
				GCC_WARN_UNDECLARED_SELECTOR = YES;
				GCC_WARN_UNINITIALIZED_AUTOS = YES_AGGRESSIVE;
				GCC_WARN_UNUSED_FUNCTION = YES;
				GCC_WARN_UNUSED_VARIABLE = YES;
				MACOSX_DEPLOYMENT_TARGET = 12.2;
				MTL_ENABLE_DEBUG_INFO = NO;
				MTL_FAST_MATH = YES;
				SUPPORTED_PLATFORMS = "watchsimulator watchos macosx iphonesimulator iphoneos driverkit appletvsimulator appletvos";
				SUPPORTS_MACCATALYST = YES;
				SWIFT_COMPILATION_MODE = wholemodule;
				SWIFT_OPTIMIZATION_LEVEL = "-O";
			};
			name = Release;
		};
		377DDD8827F4B00F0049BD40 /* Debug */ = {
			isa = XCBuildConfiguration;
			buildSettings = {
				ASSETCATALOG_COMPILER_APPICON_NAME = AppIcon;
				ASSETCATALOG_COMPILER_GLOBAL_ACCENT_COLOR_NAME = AccentColor;
				CODE_SIGN_ENTITLEMENTS = "XYPlot-Example (iOS).entitlements";
				"CODE_SIGN_IDENTITY[sdk=macosx*]" = "Apple Development";
				CODE_SIGN_STYLE = Automatic;
				CURRENT_PROJECT_VERSION = 1;
				DEVELOPMENT_TEAM = C7S45947T7;
				ENABLE_PREVIEWS = YES;
				"FRAMEWORK_SEARCH_PATHS[arch=*]" = "";
				GENERATE_INFOPLIST_FILE = YES;
				INFOPLIST_KEY_UIApplicationSceneManifest_Generation = YES;
				INFOPLIST_KEY_UIApplicationSupportsIndirectInputEvents = YES;
				INFOPLIST_KEY_UILaunchScreen_Generation = YES;
				INFOPLIST_KEY_UIRequiresFullScreen = NO;
				INFOPLIST_KEY_UISupportedInterfaceOrientations = "UIInterfaceOrientationPortrait UIInterfaceOrientationPortraitUpsideDown UIInterfaceOrientationLandscapeLeft UIInterfaceOrientationLandscapeRight";
				INFOPLIST_KEY_UISupportedInterfaceOrientations_iPad = "UIInterfaceOrientationPortrait UIInterfaceOrientationPortraitUpsideDown UIInterfaceOrientationLandscapeLeft UIInterfaceOrientationLandscapeRight";
				INFOPLIST_KEY_UISupportedInterfaceOrientations_iPhone = "UIInterfaceOrientationPortrait UIInterfaceOrientationLandscapeLeft UIInterfaceOrientationLandscapeRight";
				IPHONEOS_DEPLOYMENT_TARGET = 15.0;
				LD_RUNPATH_SEARCH_PATHS = (
					"$(inherited)",
					"@executable_path/Frameworks",
				);
				MACOSX_DEPLOYMENT_TARGET = 12.0;
				MARKETING_VERSION = 1.0;
				PRODUCT_BUNDLE_IDENTIFIER = "com.MoundCitySoftware.XYPlot-Example";
				PRODUCT_NAME = "XYPlot-Example";
				SDKROOT = iphoneos;
				SUPPORTS_MACCATALYST = YES;
				SUPPORTS_MAC_DESIGNED_FOR_IPHONE_IPAD = NO;
				SWIFT_EMIT_LOC_STRINGS = YES;
				SWIFT_VERSION = 5.0;
				TARGETED_DEVICE_FAMILY = "2,6";
			};
			name = Debug;
		};
		377DDD8927F4B00F0049BD40 /* Release */ = {
			isa = XCBuildConfiguration;
			buildSettings = {
				ASSETCATALOG_COMPILER_APPICON_NAME = AppIcon;
				ASSETCATALOG_COMPILER_GLOBAL_ACCENT_COLOR_NAME = AccentColor;
				CODE_SIGN_ENTITLEMENTS = "XYPlot-Example (iOS).entitlements";
				"CODE_SIGN_IDENTITY[sdk=macosx*]" = "Apple Development";
				CODE_SIGN_STYLE = Automatic;
				CURRENT_PROJECT_VERSION = 1;
				DEVELOPMENT_TEAM = C7S45947T7;
				ENABLE_PREVIEWS = YES;
				"FRAMEWORK_SEARCH_PATHS[arch=*]" = "";
				GENERATE_INFOPLIST_FILE = YES;
				INFOPLIST_KEY_UIApplicationSceneManifest_Generation = YES;
				INFOPLIST_KEY_UIApplicationSupportsIndirectInputEvents = YES;
				INFOPLIST_KEY_UILaunchScreen_Generation = YES;
				INFOPLIST_KEY_UIRequiresFullScreen = NO;
				INFOPLIST_KEY_UISupportedInterfaceOrientations = "UIInterfaceOrientationPortrait UIInterfaceOrientationPortraitUpsideDown UIInterfaceOrientationLandscapeLeft UIInterfaceOrientationLandscapeRight";
				INFOPLIST_KEY_UISupportedInterfaceOrientations_iPad = "UIInterfaceOrientationPortrait UIInterfaceOrientationPortraitUpsideDown UIInterfaceOrientationLandscapeLeft UIInterfaceOrientationLandscapeRight";
				INFOPLIST_KEY_UISupportedInterfaceOrientations_iPhone = "UIInterfaceOrientationPortrait UIInterfaceOrientationLandscapeLeft UIInterfaceOrientationLandscapeRight";
				IPHONEOS_DEPLOYMENT_TARGET = 15.0;
				LD_RUNPATH_SEARCH_PATHS = (
					"$(inherited)",
					"@executable_path/Frameworks",
				);
				MACOSX_DEPLOYMENT_TARGET = 12.0;
				MARKETING_VERSION = 1.0;
				PRODUCT_BUNDLE_IDENTIFIER = "com.MoundCitySoftware.XYPlot-Example";
				PRODUCT_NAME = "XYPlot-Example";
				SDKROOT = iphoneos;
				SUPPORTS_MACCATALYST = YES;
				SUPPORTS_MAC_DESIGNED_FOR_IPHONE_IPAD = NO;
				SWIFT_EMIT_LOC_STRINGS = YES;
				SWIFT_VERSION = 5.0;
				TARGETED_DEVICE_FAMILY = "2,6";
				VALIDATE_PRODUCT = YES;
			};
			name = Release;
		};
		377DDD8B27F4B00F0049BD40 /* Debug */ = {
			isa = XCBuildConfiguration;
			buildSettings = {
				ASSETCATALOG_COMPILER_APPICON_NAME = AppIcon;
				ASSETCATALOG_COMPILER_GLOBAL_ACCENT_COLOR_NAME = AccentColor;
				CODE_SIGN_ENTITLEMENTS = macOS/macOS.entitlements;
				CODE_SIGN_IDENTITY = "-";
				CODE_SIGN_STYLE = Automatic;
				COMBINE_HIDPI_IMAGES = YES;
				CURRENT_PROJECT_VERSION = 1;
				DEAD_CODE_STRIPPING = YES;
				DEVELOPMENT_TEAM = C7S45947T7;
				ENABLE_HARDENED_RUNTIME = YES;
				ENABLE_PREVIEWS = YES;
				"FRAMEWORK_SEARCH_PATHS[arch=*]" = "";
				GENERATE_INFOPLIST_FILE = YES;
				INFOPLIST_KEY_NSHumanReadableCopyright = "";
				IPHONEOS_DEPLOYMENT_TARGET = 15.3;
				LD_RUNPATH_SEARCH_PATHS = (
					"$(inherited)",
					"@executable_path/../Frameworks",
				);
				MACOSX_DEPLOYMENT_TARGET = 12.0;
				MARKETING_VERSION = 1.0;
				PRODUCT_BUNDLE_IDENTIFIER = "com.MoundCitySoftware.XYPlot-Example";
				PRODUCT_NAME = "XYPlot-Example";
				SDKROOT = macosx;
				SUPPORTED_PLATFORMS = macosx;
				SWIFT_EMIT_LOC_STRINGS = YES;
				SWIFT_VERSION = 5.0;
			};
			name = Debug;
		};
		377DDD8C27F4B00F0049BD40 /* Release */ = {
			isa = XCBuildConfiguration;
			buildSettings = {
				ASSETCATALOG_COMPILER_APPICON_NAME = AppIcon;
				ASSETCATALOG_COMPILER_GLOBAL_ACCENT_COLOR_NAME = AccentColor;
				CODE_SIGN_ENTITLEMENTS = macOS/macOS.entitlements;
				CODE_SIGN_IDENTITY = "-";
				CODE_SIGN_STYLE = Automatic;
				COMBINE_HIDPI_IMAGES = YES;
				CURRENT_PROJECT_VERSION = 1;
				DEAD_CODE_STRIPPING = YES;
				DEVELOPMENT_TEAM = C7S45947T7;
				ENABLE_HARDENED_RUNTIME = YES;
				ENABLE_PREVIEWS = YES;
				"FRAMEWORK_SEARCH_PATHS[arch=*]" = "";
				GENERATE_INFOPLIST_FILE = YES;
				INFOPLIST_KEY_NSHumanReadableCopyright = "";
				IPHONEOS_DEPLOYMENT_TARGET = 15.3;
				LD_RUNPATH_SEARCH_PATHS = (
					"$(inherited)",
					"@executable_path/../Frameworks",
				);
				MACOSX_DEPLOYMENT_TARGET = 12.0;
				MARKETING_VERSION = 1.0;
				PRODUCT_BUNDLE_IDENTIFIER = "com.MoundCitySoftware.XYPlot-Example";
				PRODUCT_NAME = "XYPlot-Example";
				SDKROOT = macosx;
				SUPPORTED_PLATFORMS = macosx;
				SWIFT_EMIT_LOC_STRINGS = YES;
				SWIFT_VERSION = 5.0;
			};
			name = Release;
		};
/* End XCBuildConfiguration section */

/* Begin XCConfigurationList section */
		377DDD6D27F4B00A0049BD40 /* Build configuration list for PBXProject "XYPlot-Example" */ = {
			isa = XCConfigurationList;
			buildConfigurations = (
				377DDD8527F4B00F0049BD40 /* Debug */,
				377DDD8627F4B00F0049BD40 /* Release */,
			);
			defaultConfigurationIsVisible = 0;
			defaultConfigurationName = Release;
		};
		377DDD8727F4B00F0049BD40 /* Build configuration list for PBXNativeTarget "XYPlot-Example (iOS)" */ = {
			isa = XCConfigurationList;
			buildConfigurations = (
				377DDD8827F4B00F0049BD40 /* Debug */,
				377DDD8927F4B00F0049BD40 /* Release */,
			);
			defaultConfigurationIsVisible = 0;
			defaultConfigurationName = Release;
		};
		377DDD8A27F4B00F0049BD40 /* Build configuration list for PBXNativeTarget "XYPlot-Example (macOS)" */ = {
			isa = XCConfigurationList;
			buildConfigurations = (
				377DDD8B27F4B00F0049BD40 /* Debug */,
				377DDD8C27F4B00F0049BD40 /* Release */,
			);
			defaultConfigurationIsVisible = 0;
			defaultConfigurationName = Release;
		};
/* End XCConfigurationList section */

/* Begin XCRemoteSwiftPackageReference section */
		37D7135A2A2587010044619B /* XCRemoteSwiftPackageReference "XYPlot" */ = {
			isa = XCRemoteSwiftPackageReference;
			repositoryURL = "https://github.com/josephlevy222/XYPlot.git";
			requirement = {
				branch = main;
				kind = branch;
			};
		};
		37FCFCFC27FBBD9F00EDC543 /* XCRemoteSwiftPackageReference "Utilities" */ = {
			isa = XCRemoteSwiftPackageReference;
			repositoryURL = "https://github.com/josephlevy222/Utilities.git";
			requirement = {
				branch = main;
				kind = branch;
			};
		};
		37FCFCFF27FCB66E00EDC543 /* XCRemoteSwiftPackageReference "NumericTextField" */ = {
			isa = XCRemoteSwiftPackageReference;
			repositoryURL = "https://github.com/josephlevy222/NumericTextField.git";
			requirement = {
				branch = main;
				kind = branch;
			};
		};
/* End XCRemoteSwiftPackageReference section */

/* Begin XCSwiftPackageProductDependency section */
		37546D2527FCC74100963538 /* Utilities */ = {
			isa = XCSwiftPackageProductDependency;
			package = 37FCFCFC27FBBD9F00EDC543 /* XCRemoteSwiftPackageReference "Utilities" */;
			productName = Utilities;
		};
		37546D2727FCC74900963538 /* NumericTextField */ = {
			isa = XCSwiftPackageProductDependency;
			package = 37FCFCFF27FCB66E00EDC543 /* XCRemoteSwiftPackageReference "NumericTextField" */;
			productName = NumericTextField;
		};
		37D7135B2A2587010044619B /* XYPlot */ = {
			isa = XCSwiftPackageProductDependency;
			package = 37D7135A2A2587010044619B /* XCRemoteSwiftPackageReference "XYPlot" */;
			productName = XYPlot;
		};
		37FCFCFD27FBBD9F00EDC543 /* Utilities */ = {
			isa = XCSwiftPackageProductDependency;
			package = 37FCFCFC27FBBD9F00EDC543 /* XCRemoteSwiftPackageReference "Utilities" */;
			productName = Utilities;
		};
		37FCFD0027FCB66E00EDC543 /* NumericTextField */ = {
			isa = XCSwiftPackageProductDependency;
			package = 37FCFCFF27FCB66E00EDC543 /* XCRemoteSwiftPackageReference "NumericTextField" */;
			productName = NumericTextField;
		};
/* End XCSwiftPackageProductDependency section */

/* Begin XCVersionGroup section */
		3734B1892956542C001D7C3D /* XYPlot.xcdatamodeld */ = {
			isa = XCVersionGroup;
			children = (
				3734B18A2956542C001D7C3D /* PlotDataModel.xcdatamodel */,
			);
			currentVersion = 3734B18A2956542C001D7C3D /* PlotDataModel.xcdatamodel */;
			path = XYPlot.xcdatamodeld;
			sourceTree = "<group>";
			versionGroupType = wrapper.xcdatamodel;
		};
/* End XCVersionGroup section */
	};
	rootObject = 377DDD6A27F4B00A0049BD40 /* Project object */;
}
